
Microsoft Visual Studio Solution File, Format Version 12.00
# Visual Studio Version 16
VisualStudioVersion = 16.0.31019.35
MinimumVisualStudioVersion = 10.0.40219.1
Project("{9A19103F-16F7-4668-BE54-9A1E7A4F7556}") = "RevisaoCA2", "RevisaoCA2\RevisaoCA2.csproj", "{3546C710-FCFF-4E8F-84CA-5505C6F16C9C}"
EndProject
Project("{9A19103F-16F7-4668-BE54-9A1E7A4F7556}") = "programming_Tutorial_09_march", "programming_Tutorial_09_march\programming_Tutorial_09_march.csproj", "{F586E7BD-02BB-437A-B540-23B91205E466}"
EndProject
Project("{9A19103F-16F7-4668-BE54-9A1E7A4F7556}") = "IMC_OO", "IMC_OO\IMC_OO.csproj", "{AEECABF5-907C-454C-B121-4FF3E4900452}"
EndProject
Project("{9A19103F-16F7-4668-BE54-9A1E7A4F7556}") = "CA2", "CA2\CA2.csproj", "{913EA145-6BEB-4282-9617-42FA85F7E7CD}"
EndProject
Project("{9A19103F-16F7-4668-BE54-9A1E7A4F7556}") = "FileHandling", "FileHandling\FileHandling.csproj", "{8DF9154F-F7F7-49EA-8C4A-D99B7328420B}"
EndProject
Project("{FAE04EC0-301F-11D3-BF4B-00C04F79EFBC}") = "fileVivion_Tutorial", "fileVivion_Tutorial\fileVivion_Tutorial.csproj", "{B387845E-3CF7-4DA5-B3D5-E087C5B3A6C8}"
EndProject
Global
	GlobalSection(SolutionConfigurationPlatforms) = preSolution
		Debug|Any CPU = Debug|Any CPU
		Release|Any CPU = Release|Any CPU
	EndGlobalSection
	GlobalSection(ProjectConfigurationPlatforms) = postSolution
		{3546C710-FCFF-4E8F-84CA-5505C6F16C9C}.Debug|Any CPU.ActiveCfg = Debug|Any CPU
		{3546C710-FCFF-4E8F-84CA-5505C6F16C9C}.Debug|Any CPU.Build.0 = Debug|Any CPU
		{3546C710-FCFF-4E8F-84CA-5505C6F16C9C}.Release|Any CPU.ActiveCfg = Release|Any CPU
		{3546C710-FCFF-4E8F-84CA-5505C6F16C9C}.Release|Any CPU.Build.0 = Release|Any CPU
		{F586E7BD-02BB-437A-B540-23B91205E466}.Debug|Any CPU.ActiveCfg = Debug|Any CPU
		{F586E7BD-02BB-437A-B540-23B91205E466}.Debug|Any CPU.Build.0 = Debug|Any CPU
		{F586E7BD-02BB-437A-B540-23B91205E466}.Release|Any CPU.ActiveCfg = Release|Any CPU
		{F586E7BD-02BB-437A-B540-23B91205E466}.Release|Any CPU.Build.0 = Release|Any CPU
		{AEECABF5-907C-454C-B121-4FF3E4900452}.Debug|Any CPU.ActiveCfg = Debug|Any CPU
		{AEECABF5-907C-454C-B121-4FF3E4900452}.Debug|Any CPU.Build.0 = Debug|Any CPU
		{AEECABF5-907C-454C-B121-4FF3E4900452}.Release|Any CPU.ActiveCfg = Release|Any CPU
		{AEECABF5-907C-454C-B121-4FF3E4900452}.Release|Any CPU.Build.0 = Release|Any CPU
		{913EA145-6BEB-4282-9617-42FA85F7E7CD}.Debug|Any CPU.ActiveCfg = Debug|Any CPU
		{913EA145-6BEB-4282-9617-42FA85F7E7CD}.Debug|Any CPU.Build.0 = Debug|Any CPU
		{913EA145-6BEB-4282-9617-42FA85F7E7CD}.Release|Any CPU.ActiveCfg = Release|Any CPU
		{913EA145-6BEB-4282-9617-42FA85F7E7CD}.Release|Any CPU.Build.0 = Release|Any CPU
		{8DF9154F-F7F7-49EA-8C4A-D99B7328420B}.Debug|Any CPU.ActiveCfg = Debug|Any CPU
		{8DF9154F-F7F7-49EA-8C4A-D99B7328420B}.Debug|Any CPU.Build.0 = Debug|Any CPU
		{8DF9154F-F7F7-49EA-8C4A-D99B7328420B}.Release|Any CPU.ActiveCfg = Release|Any CPU
		{8DF9154F-F7F7-49EA-8C4A-D99B7328420B}.Release|Any CPU.Build.0 = Release|Any CPU
		{B387845E-3CF7-4DA5-B3D5-E087C5B3A6C8}.Debug|Any CPU.ActiveCfg = Debug|Any CPU
		{B387845E-3CF7-4DA5-B3D5-E087C5B3A6C8}.Debug|Any CPU.Build.0 = Debug|Any CPU
		{B387845E-3CF7-4DA5-B3D5-E087C5B3A6C8}.Release|Any CPU.ActiveCfg = Release|Any CPU
		{B387845E-3CF7-4DA5-B3D5-E087C5B3A6C8}.Release|Any CPU.Build.0 = Release|Any CPU
	EndGlobalSection
	GlobalSection(SolutionProperties) = preSolution
		HideSolutionNode = FALSE
	EndGlobalSection
	GlobalSection(ExtensibilityGlobals) = postSolution
		SolutionGuid = {03A212D8-9743-4385-BAC8-FFC69B34D8CA}
	EndGlobalSection
EndGlobal
